// !$*UTF8*$!
{
	archiveVersion = 1;
	classes = {
	};
	objectVersion = 46;
	objects = {

/* Begin PBXBuildFile section */
		2C275A4F1B376B920027BDC0 /* AppDelegate.swift in Sources */ = {isa = PBXBuildFile; fileRef = 2C275A4E1B376B920027BDC0 /* AppDelegate.swift */; };
		2C275A511B376B920027BDC0 /* ViewController.swift in Sources */ = {isa = PBXBuildFile; fileRef = 2C275A501B376B920027BDC0 /* ViewController.swift */; };
		2C275A541B376B920027BDC0 /* Main.storyboard in Resources */ = {isa = PBXBuildFile; fileRef = 2C275A521B376B920027BDC0 /* Main.storyboard */; };
		2C275A571B376B920027BDC0 /* Curios2.xcdatamodeld in Sources */ = {isa = PBXBuildFile; fileRef = 2C275A551B376B920027BDC0 /* Curios2.xcdatamodeld */; };
		2C275A591B376B920027BDC0 /* Assets.xcassets in Resources */ = {isa = PBXBuildFile; fileRef = 2C275A581B376B920027BDC0 /* Assets.xcassets */; };
		2C275A5C1B376B920027BDC0 /* LaunchScreen.storyboard in Resources */ = {isa = PBXBuildFile; fileRef = 2C275A5A1B376B920027BDC0 /* LaunchScreen.storyboard */; };
		2C275A671B376B920027BDC0 /* Curios2Tests.swift in Sources */ = {isa = PBXBuildFile; fileRef = 2C275A661B376B920027BDC0 /* Curios2Tests.swift */; };
		2C275A721B376B920027BDC0 /* Curios2UITests.swift in Sources */ = {isa = PBXBuildFile; fileRef = 2C275A711B376B920027BDC0 /* Curios2UITests.swift */; };
/* End PBXBuildFile section */

/* Begin PBXContainerItemProxy section */
		2C275A631B376B920027BDC0 /* PBXContainerItemProxy */ = {
			isa = PBXContainerItemProxy;
			containerPortal = 2C275A431B376B920027BDC0 /* Project object */;
			proxyType = 1;
			remoteGlobalIDString = 2C275A4A1B376B920027BDC0;
			remoteInfo = Curios2;
		};
		2C275A6E1B376B920027BDC0 /* PBXContainerItemProxy */ = {
			isa = PBXContainerItemProxy;
			containerPortal = 2C275A431B376B920027BDC0 /* Project object */;
			proxyType = 1;
			remoteGlobalIDString = 2C275A4A1B376B920027BDC0;
			remoteInfo = Curios2;
		};
/* End PBXContainerItemProxy section */

/* Begin PBXFileReference section */
		2C275A4B1B376B920027BDC0 /* Curios2.app */ = {isa = PBXFileReference; explicitFileType = wrapper.application; includeInIndex = 0; path = Curios2.app; sourceTree = BUILT_PRODUCTS_DIR; };
		2C275A4E1B376B920027BDC0 /* AppDelegate.swift */ = {isa = PBXFileReference; lastKnownFileType = sourcecode.swift; path = AppDelegate.swift; sourceTree = "<group>"; };
		2C275A501B376B920027BDC0 /* ViewController.swift */ = {isa = PBXFileReference; lastKnownFileType = sourcecode.swift; path = ViewController.swift; sourceTree = "<group>"; };
		2C275A531B376B920027BDC0 /* Base */ = {isa = PBXFileReference; lastKnownFileType = file.storyboard; name = Base; path = Base.lproj/Main.storyboard; sourceTree = "<group>"; };
		2C275A561B376B920027BDC0 /* Curios2.xcdatamodel */ = {isa = PBXFileReference; lastKnownFileType = wrapper.xcdatamodel; path = Curios2.xcdatamodel; sourceTree = "<group>"; };
		2C275A581B376B920027BDC0 /* Assets.xcassets */ = {isa = PBXFileReference; lastKnownFileType = folder.assetcatalog; path = Assets.xcassets; sourceTree = "<group>"; };
		2C275A5B1B376B920027BDC0 /* Base */ = {isa = PBXFileReference; lastKnownFileType = file.storyboard; name = Base; path = Base.lproj/LaunchScreen.storyboard; sourceTree = "<group>"; };
		2C275A5D1B376B920027BDC0 /* Info.plist */ = {isa = PBXFileReference; lastKnownFileType = text.plist.xml; path = Info.plist; sourceTree = "<group>"; };
		2C275A621B376B920027BDC0 /* Curios2Tests.xctest */ = {isa = PBXFileReference; explicitFileType = wrapper.cfbundle; includeInIndex = 0; path = Curios2Tests.xctest; sourceTree = BUILT_PRODUCTS_DIR; };
		2C275A661B376B920027BDC0 /* Curios2Tests.swift */ = {isa = PBXFileReference; lastKnownFileType = sourcecode.swift; path = Curios2Tests.swift; sourceTree = "<group>"; };
		2C275A681B376B920027BDC0 /* Info.plist */ = {isa = PBXFileReference; lastKnownFileType = text.plist.xml; path = Info.plist; sourceTree = "<group>"; };
		2C275A6D1B376B920027BDC0 /* Curios2UITests.xctest */ = {isa = PBXFileReference; explicitFileType = wrapper.cfbundle; includeInIndex = 0; path = Curios2UITests.xctest; sourceTree = BUILT_PRODUCTS_DIR; };
		2C275A711B376B920027BDC0 /* Curios2UITests.swift */ = {isa = PBXFileReference; lastKnownFileType = sourcecode.swift; path = Curios2UITests.swift; sourceTree = "<group>"; };
		2C275A731B376B920027BDC0 /* Info.plist */ = {isa = PBXFileReference; lastKnownFileType = text.plist.xml; path = Info.plist; sourceTree = "<group>"; };
/* End PBXFileReference section */

/* Begin PBXFrameworksBuildPhase section */
		2C275A481B376B920027BDC0 /* Frameworks */ = {
			isa = PBXFrameworksBuildPhase;
			buildActionMask = 2147483647;
			files = (
			);
			runOnlyForDeploymentPostprocessing = 0;
		};
		2C275A5F1B376B920027BDC0 /* Frameworks */ = {
			isa = PBXFrameworksBuildPhase;
			buildActionMask = 2147483647;
			files = (
			);
			runOnlyForDeploymentPostprocessing = 0;
		};
		2C275A6A1B376B920027BDC0 /* Frameworks */ = {
			isa = PBXFrameworksBuildPhase;
			buildActionMask = 2147483647;
			files = (
			);
			runOnlyForDeploymentPostprocessing = 0;
		};
/* End PBXFrameworksBuildPhase section */

/* Begin PBXGroup section */
		2C275A421B376B920027BDC0 = {
			isa = PBXGroup;
			children = (
				2C275A4D1B376B920027BDC0 /* Curios2 */,
				2C275A651B376B920027BDC0 /* Curios2Tests */,
				2C275A701B376B920027BDC0 /* Curios2UITests */,
				2C275A4C1B376B920027BDC0 /* Products */,
			);
			sourceTree = "<group>";
		};
		2C275A4C1B376B920027BDC0 /* Products */ = {
			isa = PBXGroup;
			children = (
				2C275A4B1B376B920027BDC0 /* Curios2.app */,
				2C275A621B376B920027BDC0 /* Curios2Tests.xctest */,
				2C275A6D1B376B920027BDC0 /* Curios2UITests.xctest */,
			);
			name = Products;
			sourceTree = "<group>";
		};
		2C275A4D1B376B920027BDC0 /* Curios2 */ = {
			isa = PBXGroup;
			children = (
				2C275A4E1B376B920027BDC0 /* AppDelegate.swift */,
				2C275A501B376B920027BDC0 /* ViewController.swift */,
				2C275A521B376B920027BDC0 /* Main.storyboard */,
				2C275A581B376B920027BDC0 /* Assets.xcassets */,
				2C275A5A1B376B920027BDC0 /* LaunchScreen.storyboard */,
				2C275A5D1B376B920027BDC0 /* Info.plist */,
				2C275A551B376B920027BDC0 /* Curios2.xcdatamodeld */,
			);
			path = Curios2;
			sourceTree = "<group>";
		};
		2C275A651B376B920027BDC0 /* Curios2Tests */ = {
			isa = PBXGroup;
			children = (
				2C275A661B376B920027BDC0 /* Curios2Tests.swift */,
				2C275A681B376B920027BDC0 /* Info.plist */,
			);
			path = Curios2Tests;
			sourceTree = "<group>";
		};
		2C275A701B376B920027BDC0 /* Curios2UITests */ = {
			isa = PBXGroup;
			children = (
				2C275A711B376B920027BDC0 /* Curios2UITests.swift */,
				2C275A731B376B920027BDC0 /* Info.plist */,
			);
			path = Curios2UITests;
			sourceTree = "<group>";
		};
/* End PBXGroup section */

/* Begin PBXNativeTarget section */
		2C275A4A1B376B920027BDC0 /* Curios2 */ = {
			isa = PBXNativeTarget;
			buildConfigurationList = 2C275A761B376B920027BDC0 /* Build configuration list for PBXNativeTarget "Curios2" */;
			buildPhases = (
				2C275A471B376B920027BDC0 /* Sources */,
				2C275A481B376B920027BDC0 /* Frameworks */,
				2C275A491B376B920027BDC0 /* Resources */,
			);
			buildRules = (
			);
			dependencies = (
			);
			name = Curios2;
			productName = Curios2;
			productReference = 2C275A4B1B376B920027BDC0 /* Curios2.app */;
			productType = "com.apple.product-type.application";
		};
		2C275A611B376B920027BDC0 /* Curios2Tests */ = {
			isa = PBXNativeTarget;
			buildConfigurationList = 2C275A791B376B920027BDC0 /* Build configuration list for PBXNativeTarget "Curios2Tests" */;
			buildPhases = (
				2C275A5E1B376B920027BDC0 /* Sources */,
				2C275A5F1B376B920027BDC0 /* Frameworks */,
				2C275A601B376B920027BDC0 /* Resources */,
			);
			buildRules = (
			);
			dependencies = (
				2C275A641B376B920027BDC0 /* PBXTargetDependency */,
			);
			name = Curios2Tests;
			productName = Curios2Tests;
			productReference = 2C275A621B376B920027BDC0 /* Curios2Tests.xctest */;
			productType = "com.apple.product-type.bundle.unit-test";
		};
		2C275A6C1B376B920027BDC0 /* Curios2UITests */ = {
			isa = PBXNativeTarget;
			buildConfigurationList = 2C275A7C1B376B920027BDC0 /* Build configuration list for PBXNativeTarget "Curios2UITests" */;
			buildPhases = (
				2C275A691B376B920027BDC0 /* Sources */,
				2C275A6A1B376B920027BDC0 /* Frameworks */,
				2C275A6B1B376B920027BDC0 /* Resources */,
			);
			buildRules = (
			);
			dependencies = (
				2C275A6F1B376B920027BDC0 /* PBXTargetDependency */,
			);
			name = Curios2UITests;
			productName = Curios2UITests;
			productReference = 2C275A6D1B376B920027BDC0 /* Curios2UITests.xctest */;
			productType = "com.apple.product-type.bundle.ui-testing";
		};
/* End PBXNativeTarget section */

/* Begin PBXProject section */
		2C275A431B376B920027BDC0 /* Project object */ = {
			isa = PBXProject;
			attributes = {
				LastUpgradeCheck = 0700;
				ORGANIZATIONNAME = botai;
				TargetAttributes = {
					2C275A4A1B376B920027BDC0 = {
						CreatedOnToolsVersion = 7.0;
					};
					2C275A611B376B920027BDC0 = {
						CreatedOnToolsVersion = 7.0;
						TestTargetID = 2C275A4A1B376B920027BDC0;
					};
					2C275A6C1B376B920027BDC0 = {
						CreatedOnToolsVersion = 7.0;
						TestTargetID = 2C275A4A1B376B920027BDC0;
					};
				};
			};
			buildConfigurationList = 2C275A461B376B920027BDC0 /* Build configuration list for PBXProject "Curios2" */;
			compatibilityVersion = "Xcode 3.2";
			developmentRegion = English;
			hasScannedForEncodings = 0;
			knownRegions = (
				en,
				Base,
			);
			mainGroup = 2C275A421B376B920027BDC0;
			productRefGroup = 2C275A4C1B376B920027BDC0 /* Products */;
			projectDirPath = "";
			projectRoot = "";
			targets = (
				2C275A4A1B376B920027BDC0 /* Curios2 */,
				2C275A611B376B920027BDC0 /* Curios2Tests */,
				2C275A6C1B376B920027BDC0 /* Curios2UITests */,
			);
		};
/* End PBXProject section */

/* Begin PBXResourcesBuildPhase section */
		2C275A491B376B920027BDC0 /* Resources */ = {
			isa = PBXResourcesBuildPhase;
			buildActionMask = 2147483647;
			files = (
				2C275A5C1B376B920027BDC0 /* LaunchScreen.storyboard in Resources */,
				2C275A591B376B920027BDC0 /* Assets.xcassets in Resources */,
				2C275A541B376B920027BDC0 /* Main.storyboard in Resources */,
			);
			runOnlyForDeploymentPostprocessing = 0;
		};
		2C275A601B376B920027BDC0 /* Resources */ = {
			isa = PBXResourcesBuildPhase;
			buildActionMask = 2147483647;
			files = (
			);
			runOnlyForDeploymentPostprocessing = 0;
		};
		2C275A6B1B376B920027BDC0 /* Resources */ = {
			isa = PBXResourcesBuildPhase;
			buildActionMask = 2147483647;
			files = (
			);
			runOnlyForDeploymentPostprocessing = 0;
		};
/* End PBXResourcesBuildPhase section */

/* Begin PBXSourcesBuildPhase section */
		2C275A471B376B920027BDC0 /* Sources */ = {
			isa = PBXSourcesBuildPhase;
			buildActionMask = 2147483647;
			files = (
				2C275A511B376B920027BDC0 /* ViewController.swift in Sources */,
				2C275A571B376B920027BDC0 /* Curios2.xcdatamodeld in Sources */,
				2C275A4F1B376B920027BDC0 /* AppDelegate.swift in Sources */,
			);
			runOnlyForDeploymentPostprocessing = 0;
		};
		2C275A5E1B376B920027BDC0 /* Sources */ = {
			isa = PBXSourcesBuildPhase;
			buildActionMask = 2147483647;
			files = (
				2C275A671B376B920027BDC0 /* Curios2Tests.swift in Sources */,
			);
			runOnlyForDeploymentPostprocessing = 0;
		};
		2C275A691B376B920027BDC0 /* Sources */ = {
			isa = PBXSourcesBuildPhase;
			buildActionMask = 2147483647;
			files = (
				2C275A721B376B920027BDC0 /* Curios2UITests.swift in Sources */,
			);
			runOnlyForDeploymentPostprocessing = 0;
		};
/* End PBXSourcesBuildPhase section */

/* Begin PBXTargetDependency section */
		2C275A641B376B920027BDC0 /* PBXTargetDependency */ = {
			isa = PBXTargetDependency;
			target = 2C275A4A1B376B920027BDC0 /* Curios2 */;
			targetProxy = 2C275A631B376B920027BDC0 /* PBXContainerItemProxy */;
		};
		2C275A6F1B376B920027BDC0 /* PBXTargetDependency */ = {
			isa = PBXTargetDependency;
			target = 2C275A4A1B376B920027BDC0 /* Curios2 */;
			targetProxy = 2C275A6E1B376B920027BDC0 /* PBXContainerItemProxy */;
		};
/* End PBXTargetDependency section */

/* Begin PBXVariantGroup section */
		2C275A521B376B920027BDC0 /* Main.storyboard */ = {
			isa = PBXVariantGroup;
			children = (
				2C275A531B376B920027BDC0 /* Base */,
			);
			name = Main.storyboard;
			sourceTree = "<group>";
		};
		2C275A5A1B376B920027BDC0 /* LaunchScreen.storyboard */ = {
			isa = PBXVariantGroup;
			children = (
				2C275A5B1B376B920027BDC0 /* Base */,
			);
			name = LaunchScreen.storyboard;
			sourceTree = "<group>";
		};
/* End PBXVariantGroup section */

/* Begin XCBuildConfiguration section */
		2C275A741B376B920027BDC0 /* Debug */ = {
			isa = XCBuildConfiguration;
			buildSettings = {
				ALWAYS_SEARCH_USER_PATHS = NO;
				CLANG_CXX_LANGUAGE_STANDARD = "gnu++0x";
				CLANG_CXX_LIBRARY = "libc++";
				CLANG_ENABLE_MODULES = YES;
				CLANG_ENABLE_OBJC_ARC = YES;
				CLANG_WARN_BOOL_CONVERSION = YES;
				CLANG_WARN_CONSTANT_CONVERSION = YES;
				CLANG_WARN_DIRECT_OBJC_ISA_USAGE = YES_ERROR;
				CLANG_WARN_EMPTY_BODY = YES;
				CLANG_WARN_ENUM_CONVERSION = YES;
				CLANG_WARN_INT_CONVERSION = YES;
				CLANG_WARN_OBJC_ROOT_CLASS = YES_ERROR;
				CLANG_WARN_UNREACHABLE_CODE = YES;
				CLANG_WARN__DUPLICATE_METHOD_MATCH = YES;
				"CODE_SIGN_IDENTITY[sdk=iphoneos*]" = "iPhone Developer";
				COPY_PHASE_STRIP = NO;
				DEBUG_INFORMATION_FORMAT = dwarf;
				ENABLE_STRICT_OBJC_MSGSEND = YES;
				ENABLE_TESTABILITY = YES;
				GCC_C_LANGUAGE_STANDARD = gnu99;
				GCC_DYNAMIC_NO_PIC = NO;
				GCC_NO_COMMON_BLOCKS = YES;
				GCC_OPTIMIZATION_LEVEL = 0;
				GCC_PREPROCESSOR_DEFINITIONS = (
					"DEBUG=1",
					"$(inherited)",
				);
				GCC_WARN_64_TO_32_BIT_CONVERSION = YES;
				GCC_WARN_ABOUT_RETURN_TYPE = YES_ERROR;
				GCC_WARN_UNDECLARED_SELECTOR = YES;
				GCC_WARN_UNINITIALIZED_AUTOS = YES_AGGRESSIVE;
				GCC_WARN_UNUSED_FUNCTION = YES;
				GCC_WARN_UNUSED_VARIABLE = YES;
				IPHONEOS_DEPLOYMENT_TARGET = 9.0;
				MTL_ENABLE_DEBUG_INFO = YES;
				ONLY_ACTIVE_ARCH = YES;
				SDKROOT = iphoneos;
				SWIFT_OPTIMIZATION_LEVEL = "-Onone";
				TARGETED_DEVICE_FAMILY = "1,2";
			};
			name = Debug;
		};
		2C275A751B376B920027BDC0 /* Release */ = {
			isa = XCBuildConfiguration;
			buildSettings = {
				ALWAYS_SEARCH_USER_PATHS = NO;
				CLANG_CXX_LANGUAGE_STANDARD = "gnu++0x";
				CLANG_CXX_LIBRARY = "libc++";
				CLANG_ENABLE_MODULES = YES;
				CLANG_ENABLE_OBJC_ARC = YES;
				CLANG_WARN_BOOL_CONVERSION = YES;
				CLANG_WARN_CONSTANT_CONVERSION = YES;
				CLANG_WARN_DIRECT_OBJC_ISA_USAGE = YES_ERROR;
				CLANG_WARN_EMPTY_BODY = YES;
				CLANG_WARN_ENUM_CONVERSION = YES;
				CLANG_WARN_INT_CONVERSION = YES;
				CLANG_WARN_OBJC_ROOT_CLASS = YES_ERROR;
				CLANG_WARN_UNREACHABLE_CODE = YES;
				CLANG_WARN__DUPLICATE_METHOD_MATCH = YES;
				"CODE_SIGN_IDENTITY[sdk=iphoneos*]" = "iPhone Developer";
				COPY_PHASE_STRIP = NO;
				DEBUG_INFORMATION_FORMAT = "dwarf-with-dsym";
				ENABLE_NS_ASSERTIONS = NO;
				ENABLE_STRICT_OBJC_MSGSEND = YES;
				GCC_C_LANGUAGE_STANDARD = gnu99;
				GCC_NO_COMMON_BLOCKS = YES;
				GCC_WARN_64_TO_32_BIT_CONVERSION = YES;
				GCC_WARN_ABOUT_RETURN_TYPE = YES_ERROR;
				GCC_WARN_UNDECLARED_SELECTOR = YES;
				GCC_WARN_UNINITIALIZED_AUTOS = YES_AGGRESSIVE;
				GCC_WARN_UNUSED_FUNCTION = YES;
				GCC_WARN_UNUSED_VARIABLE = YES;
				IPHONEOS_DEPLOYMENT_TARGET = 9.0;
				MTL_ENABLE_DEBUG_INFO = NO;
				SDKROOT = iphoneos;
				TARGETED_DEVICE_FAMILY = "1,2";
				VALIDATE_PRODUCT = YES;
			};
			name = Release;
		};
		2C275A771B376B920027BDC0 /* Debug */ = {
			isa = XCBuildConfiguration;
			buildSettings = {
				ASSETCATALOG_COMPILER_APPICON_NAME = AppIcon;
				INFOPLIST_FILE = Curios2/Info.plist;
				LD_RUNPATH_SEARCH_PATHS = "$(inherited) @executable_path/Frameworks";
				PRODUCT_BUNDLE_IDENTIFIER = com.botai.Curios2;
				PRODUCT_NAME = "$(TARGET_NAME)";
			};
			name = Debug;
		};
		2C275A781B376B920027BDC0 /* Release */ = {
			isa = XCBuildConfiguration;
			buildSettings = {
				ASSETCATALOG_COMPILER_APPICON_NAME = AppIcon;
				INFOPLIST_FILE = Curios2/Info.plist;
				LD_RUNPATH_SEARCH_PATHS = "$(inherited) @executable_path/Frameworks";
				PRODUCT_BUNDLE_IDENTIFIER = com.botai.Curios2;
				PRODUCT_NAME = "$(TARGET_NAME)";
			};
			name = Release;
		};
		2C275A7A1B376B920027BDC0 /* Debug */ = {
			isa = XCBuildConfiguration;
			buildSettings = {
				BUNDLE_LOADER = "$(TEST_HOST)";
				INFOPLIST_FILE = Curios2Tests/Info.plist;
				LD_RUNPATH_SEARCH_PATHS = "$(inherited) @executable_path/Frameworks @loader_path/Frameworks";
				PRODUCT_BUNDLE_IDENTIFIER = com.botai.Curios2Tests;
				PRODUCT_NAME = "$(TARGET_NAME)";
				TEST_HOST = "$(BUILT_PRODUCTS_DIR)/Curios2.app/Curios2";
			};
			name = Debug;
		};
		2C275A7B1B376B920027BDC0 /* Release */ = {
			isa = XCBuildConfiguration;
			buildSettings = {
				BUNDLE_LOADER = "$(TEST_HOST)";
				INFOPLIST_FILE = Curios2Tests/Info.plist;
				LD_RUNPATH_SEARCH_PATHS = "$(inherited) @executable_path/Frameworks @loader_path/Frameworks";
				PRODUCT_BUNDLE_IDENTIFIER = com.botai.Curios2Tests;
				PRODUCT_NAME = "$(TARGET_NAME)";
				TEST_HOST = "$(BUILT_PRODUCTS_DIR)/Curios2.app/Curios2";
			};
			name = Release;
		};
		2C275A7D1B376B920027BDC0 /* Debug */ = {
			isa = XCBuildConfiguration;
			buildSettings = {
				INFOPLIST_FILE = Curios2UITests/Info.plist;
				LD_RUNPATH_SEARCH_PATHS = "$(inherited) @executable_path/Frameworks @loader_path/Frameworks";
				PRODUCT_BUNDLE_IDENTIFIER = com.botai.Curios2UITests;
				PRODUCT_NAME = "$(TARGET_NAME)";
				TEST_TARGET_NAME = Curios2;
				USES_XCTRUNNER = YES;
			};
			name = Debug;
		};
		2C275A7E1B376B920027BDC0 /* Release */ = {
			isa = XCBuildConfiguration;
			buildSettings = {
				INFOPLIST_FILE = Curios2UITests/Info.plist;
				LD_RUNPATH_SEARCH_PATHS = "$(inherited) @executable_path/Frameworks @loader_path/Frameworks";
				PRODUCT_BUNDLE_IDENTIFIER = com.botai.Curios2UITests;
				PRODUCT_NAME = "$(TARGET_NAME)";
				TEST_TARGET_NAME = Curios2;
				USES_XCTRUNNER = YES;
			};
			name = Release;
		};
/* End XCBuildConfiguration section */

/* Begin XCConfigurationList section */
		2C275A461B376B920027BDC0 /* Build configuration list for PBXProject "Curios2" */ = {
			isa = XCConfigurationList;
			buildConfigurations = (
				2C275A741B376B920027BDC0 /* Debug */,
				2C275A751B376B920027BDC0 /* Release */,
			);
			defaultConfigurationIsVisible = 0;
			defaultConfigurationName = Release;
		};
		2C275A761B376B920027BDC0 /* Build configuration list for PBXNativeTarget "Curios2" */ = {
			isa = XCConfigurationList;
			buildConfigurations = (
				2C275A771B376B920027BDC0 /* Debug */,
				2C275A781B376B920027BDC0 /* Release */,
			);
			defaultConfigurationIsVisible = 0;
		};
		2C275A791B376B920027BDC0 /* Build configuration list for PBXNativeTarget "Curios2Tests" */ = {
			isa = XCConfigurationList;
			buildConfigurations = (
				2C275A7A1B376B920027BDC0 /* Debug */,
				2C275A7B1B376B920027BDC0 /* Release */,
			);
			defaultConfigurationIsVisible = 0;
		};
		2C275A7C1B376B920027BDC0 /* Build configuration list for PBXNativeTarget "Curios2UITests" */ = {
			isa = XCConfigurationList;
			buildConfigurations = (
				2C275A7D1B376B920027BDC0 /* Debug */,
				2C275A7E1B376B920027BDC0 /* Release */,
			);
			defaultConfigurationIsVisible = 0;
		};
/* End XCConfigurationList section */

/* Begin XCVersionGroup section */
		2C275A551B376B920027BDC0 /* Curios2.xcdatamodeld */ = {
			isa = XCVersionGroup;
			children = (
				2C275A561B376B920027BDC0 /* Curios2.xcdatamodel */,
			);
			currentVersion = 2C275A561B376B920027BDC0 /* Curios2.xcdatamodel */;
			path = Curios2.xcdatamodeld;
			sourceTree = "<group>";
			versionGroupType = wrapper.xcdatamodel;
		};
/* End XCVersionGroup section */
	};
	rootObject = 2C275A431B376B920027BDC0 /* Project object */;
}
